# This file is automatically @generated by Cargo.
# It is not intended for manual editing.
version = 4

[[package]]
name = "ilisp"
version = "0.1.0"
dependencies = [
 "parsenator",
]

[[package]]
name = "parsenator"
version = "0.1.0"
source = "git+https://github.com/oebelus/parsenator?branch=main#fd3a644c9f36be7d8b09d42fbb4c7147ba463ba1"
