# This file is automatically @generated by Cargo.
# It is not intended for manual editing.
version = 4

[[package]]
name = "ilisp"
version = "0.1.0"
dependencies = [
 "parsenator",
]

[[package]]
name = "parsenator"
version = "0.1.0"
source = "git+https://github.com/oebelus/parsenator?branch=main#4ef9886519e32c3d5db80ce191ec748b01f4b8a1"
