# This file is automatically @generated by Cargo.
# It is not intended for manual editing.
version = 4

[[package]]
name = "ilisp"
version = "0.1.0"
dependencies = [
 "parsenator",
]

[[package]]
name = "parsenator"
version = "0.1.0"
source = "git+https://github.com/oebelus/parsenator?branch=main#4a0877dccf6a4f8659e6f38b581b1e5d03b47733"
